// !$*UTF8*$!
{
	archiveVersion = 1;
	classes = {
	};
	objectVersion = 56;
	objects = {

/* Begin PBXBuildFile section */
		175134AC2AE3A8B200E9125B /* AppDelegate.swift in Sources */ = {isa = PBXBuildFile; fileRef = 175134AB2AE3A8B200E9125B /* AppDelegate.swift */; };
		175134B02AE3A8B200E9125B /* ViewController.swift in Sources */ = {isa = PBXBuildFile; fileRef = 175134AF2AE3A8B200E9125B /* ViewController.swift */; };
		175134B32AE3A8B200E9125B /* Main.storyboard in Resources */ = {isa = PBXBuildFile; fileRef = 175134B12AE3A8B200E9125B /* Main.storyboard */; };
		175134B52AE3A8B300E9125B /* Assets.xcassets in Resources */ = {isa = PBXBuildFile; fileRef = 175134B42AE3A8B300E9125B /* Assets.xcassets */; };
		175134B82AE3A8B300E9125B /* LaunchScreen.storyboard in Resources */ = {isa = PBXBuildFile; fileRef = 175134B62AE3A8B300E9125B /* LaunchScreen.storyboard */; };
		175134C32AE3A8B300E9125B /* MyBettingAppTests.swift in Sources */ = {isa = PBXBuildFile; fileRef = 175134C22AE3A8B300E9125B /* MyBettingAppTests.swift */; };
		175134CD2AE3A8B300E9125B /* MyBettingAppUITests.swift in Sources */ = {isa = PBXBuildFile; fileRef = 175134CC2AE3A8B300E9125B /* MyBettingAppUITests.swift */; };
		175134CF2AE3A8B300E9125B /* MyBettingAppUITestsLaunchTests.swift in Sources */ = {isa = PBXBuildFile; fileRef = 175134CE2AE3A8B300E9125B /* MyBettingAppUITestsLaunchTests.swift */; };
		179E73AE2AE3C12600A89F78 /* BettingEventsViewController.swift in Sources */ = {isa = PBXBuildFile; fileRef = 179E73AC2AE3C12600A89F78 /* BettingEventsViewController.swift */; };
		179E73B22AE3C69100A89F78 /* NetworkManager.swift in Sources */ = {isa = PBXBuildFile; fileRef = 179E73B12AE3C69100A89F78 /* NetworkManager.swift */; };
		179E73B52AE3C6CE00A89F78 /* SportsAPIError.swift in Sources */ = {isa = PBXBuildFile; fileRef = 179E73B42AE3C6CE00A89F78 /* SportsAPIError.swift */; };
		179E73B82AE3C73F00A89F78 /* Sports.swift in Sources */ = {isa = PBXBuildFile; fileRef = 179E73B72AE3C73F00A89F78 /* Sports.swift */; };
		179E73BA2AE3C92D00A89F78 /* SportEvent.swift in Sources */ = {isa = PBXBuildFile; fileRef = 179E73B92AE3C92D00A89F78 /* SportEvent.swift */; };
/* End PBXBuildFile section */

/* Begin PBXContainerItemProxy section */
		175134BF2AE3A8B300E9125B /* PBXContainerItemProxy */ = {
			isa = PBXContainerItemProxy;
			containerPortal = 175134A02AE3A8B200E9125B /* Project object */;
			proxyType = 1;
			remoteGlobalIDString = 175134A72AE3A8B200E9125B;
			remoteInfo = MyBettingApp;
		};
		175134C92AE3A8B300E9125B /* PBXContainerItemProxy */ = {
			isa = PBXContainerItemProxy;
			containerPortal = 175134A02AE3A8B200E9125B /* Project object */;
			proxyType = 1;
			remoteGlobalIDString = 175134A72AE3A8B200E9125B;
			remoteInfo = MyBettingApp;
		};
/* End PBXContainerItemProxy section */

/* Begin PBXFileReference section */
		175134A82AE3A8B200E9125B /* MyBettingApp.app */ = {isa = PBXFileReference; explicitFileType = wrapper.application; includeInIndex = 0; path = MyBettingApp.app; sourceTree = BUILT_PRODUCTS_DIR; };
		175134AB2AE3A8B200E9125B /* AppDelegate.swift */ = {isa = PBXFileReference; lastKnownFileType = sourcecode.swift; path = AppDelegate.swift; sourceTree = "<group>"; };
		175134AF2AE3A8B200E9125B /* ViewController.swift */ = {isa = PBXFileReference; lastKnownFileType = sourcecode.swift; path = ViewController.swift; sourceTree = "<group>"; };
		175134B22AE3A8B200E9125B /* Base */ = {isa = PBXFileReference; lastKnownFileType = file.storyboard; name = Base; path = Base.lproj/Main.storyboard; sourceTree = "<group>"; };
		175134B42AE3A8B300E9125B /* Assets.xcassets */ = {isa = PBXFileReference; lastKnownFileType = folder.assetcatalog; path = Assets.xcassets; sourceTree = "<group>"; };
		175134B72AE3A8B300E9125B /* Base */ = {isa = PBXFileReference; lastKnownFileType = file.storyboard; name = Base; path = Base.lproj/LaunchScreen.storyboard; sourceTree = "<group>"; };
		175134B92AE3A8B300E9125B /* Info.plist */ = {isa = PBXFileReference; lastKnownFileType = text.plist.xml; path = Info.plist; sourceTree = "<group>"; };
		175134BE2AE3A8B300E9125B /* MyBettingAppTests.xctest */ = {isa = PBXFileReference; explicitFileType = wrapper.cfbundle; includeInIndex = 0; path = MyBettingAppTests.xctest; sourceTree = BUILT_PRODUCTS_DIR; };
		175134C22AE3A8B300E9125B /* MyBettingAppTests.swift */ = {isa = PBXFileReference; lastKnownFileType = sourcecode.swift; path = MyBettingAppTests.swift; sourceTree = "<group>"; };
		175134C82AE3A8B300E9125B /* MyBettingAppUITests.xctest */ = {isa = PBXFileReference; explicitFileType = wrapper.cfbundle; includeInIndex = 0; path = MyBettingAppUITests.xctest; sourceTree = BUILT_PRODUCTS_DIR; };
		175134CC2AE3A8B300E9125B /* MyBettingAppUITests.swift */ = {isa = PBXFileReference; lastKnownFileType = sourcecode.swift; path = MyBettingAppUITests.swift; sourceTree = "<group>"; };
		175134CE2AE3A8B300E9125B /* MyBettingAppUITestsLaunchTests.swift */ = {isa = PBXFileReference; lastKnownFileType = sourcecode.swift; path = MyBettingAppUITestsLaunchTests.swift; sourceTree = "<group>"; };
		179E73AC2AE3C12600A89F78 /* BettingEventsViewController.swift */ = {isa = PBXFileReference; lastKnownFileType = sourcecode.swift; path = BettingEventsViewController.swift; sourceTree = "<group>"; };
		179E73B12AE3C69100A89F78 /* NetworkManager.swift */ = {isa = PBXFileReference; lastKnownFileType = sourcecode.swift; path = NetworkManager.swift; sourceTree = "<group>"; };
		179E73B42AE3C6CE00A89F78 /* SportsAPIError.swift */ = {isa = PBXFileReference; lastKnownFileType = sourcecode.swift; path = SportsAPIError.swift; sourceTree = "<group>"; };
		179E73B72AE3C73F00A89F78 /* Sports.swift */ = {isa = PBXFileReference; lastKnownFileType = sourcecode.swift; path = Sports.swift; sourceTree = "<group>"; };
		179E73B92AE3C92D00A89F78 /* SportEvent.swift */ = {isa = PBXFileReference; lastKnownFileType = sourcecode.swift; path = SportEvent.swift; sourceTree = "<group>"; };
/* End PBXFileReference section */

/* Begin PBXFrameworksBuildPhase section */
		175134A52AE3A8B200E9125B /* Frameworks */ = {
			isa = PBXFrameworksBuildPhase;
			buildActionMask = 2147483647;
			files = (
			);
			runOnlyForDeploymentPostprocessing = 0;
		};
		175134BB2AE3A8B300E9125B /* Frameworks */ = {
			isa = PBXFrameworksBuildPhase;
			buildActionMask = 2147483647;
			files = (
			);
			runOnlyForDeploymentPostprocessing = 0;
		};
		175134C52AE3A8B300E9125B /* Frameworks */ = {
			isa = PBXFrameworksBuildPhase;
			buildActionMask = 2147483647;
			files = (
			);
			runOnlyForDeploymentPostprocessing = 0;
		};
/* End PBXFrameworksBuildPhase section */

/* Begin PBXGroup section */
		1751349F2AE3A8B200E9125B = {
			isa = PBXGroup;
			children = (
				175134AA2AE3A8B200E9125B /* MyBettingApp */,
				175134C12AE3A8B300E9125B /* MyBettingAppTests */,
				175134CB2AE3A8B300E9125B /* MyBettingAppUITests */,
				175134A92AE3A8B200E9125B /* Products */,
			);
			sourceTree = "<group>";
		};
		175134A92AE3A8B200E9125B /* Products */ = {
			isa = PBXGroup;
			children = (
				175134A82AE3A8B200E9125B /* MyBettingApp.app */,
				175134BE2AE3A8B300E9125B /* MyBettingAppTests.xctest */,
				175134C82AE3A8B300E9125B /* MyBettingAppUITests.xctest */,
			);
			name = Products;
			sourceTree = "<group>";
		};
		175134AA2AE3A8B200E9125B /* MyBettingApp */ = {
			isa = PBXGroup;
			children = (
				179E73B32AE3C6C000A89F78 /* Enums */,
				179E73B02AE3C67E00A89F78 /* Managers */,
				179E73B62AE3C72A00A89F78 /* Models */,
				175134AB2AE3A8B200E9125B /* AppDelegate.swift */,
				175134AF2AE3A8B200E9125B /* ViewController.swift */,
				175134B12AE3A8B200E9125B /* Main.storyboard */,
				175134B42AE3A8B300E9125B /* Assets.xcassets */,
				175134B62AE3A8B300E9125B /* LaunchScreen.storyboard */,
				175134B92AE3A8B300E9125B /* Info.plist */,
				179E73AC2AE3C12600A89F78 /* BettingEventsViewController.swift */,
			);
			path = MyBettingApp;
			sourceTree = "<group>";
		};
		175134C12AE3A8B300E9125B /* MyBettingAppTests */ = {
			isa = PBXGroup;
			children = (
				175134C22AE3A8B300E9125B /* MyBettingAppTests.swift */,
			);
			path = MyBettingAppTests;
			sourceTree = "<group>";
		};
		175134CB2AE3A8B300E9125B /* MyBettingAppUITests */ = {
			isa = PBXGroup;
			children = (
				175134CC2AE3A8B300E9125B /* MyBettingAppUITests.swift */,
				175134CE2AE3A8B300E9125B /* MyBettingAppUITestsLaunchTests.swift */,
			);
			path = MyBettingAppUITests;
			sourceTree = "<group>";
		};
		179E73B02AE3C67E00A89F78 /* Managers */ = {
			isa = PBXGroup;
			children = (
				179E73B12AE3C69100A89F78 /* NetworkManager.swift */,
			);
			path = Managers;
			sourceTree = "<group>";
		};
		179E73B32AE3C6C000A89F78 /* Enums */ = {
			isa = PBXGroup;
			children = (
				179E73B42AE3C6CE00A89F78 /* SportsAPIError.swift */,
			);
			path = Enums;
			sourceTree = "<group>";
		};
		179E73B62AE3C72A00A89F78 /* Models */ = {
			isa = PBXGroup;
			children = (
				179E73B92AE3C92D00A89F78 /* SportEvent.swift */,
				179E73B72AE3C73F00A89F78 /* Sports.swift */,
			);
			path = Models;
			sourceTree = "<group>";
		};
/* End PBXGroup section */

/* Begin PBXNativeTarget section */
		175134A72AE3A8B200E9125B /* MyBettingApp */ = {
			isa = PBXNativeTarget;
			buildConfigurationList = 175134D22AE3A8B300E9125B /* Build configuration list for PBXNativeTarget "MyBettingApp" */;
			buildPhases = (
				175134A42AE3A8B200E9125B /* Sources */,
				175134A52AE3A8B200E9125B /* Frameworks */,
				175134A62AE3A8B200E9125B /* Resources */,
			);
			buildRules = (
			);
			dependencies = (
			);
			name = MyBettingApp;
			productName = MyBettingApp;
			productReference = 175134A82AE3A8B200E9125B /* MyBettingApp.app */;
			productType = "com.apple.product-type.application";
		};
		175134BD2AE3A8B300E9125B /* MyBettingAppTests */ = {
			isa = PBXNativeTarget;
			buildConfigurationList = 175134D52AE3A8B300E9125B /* Build configuration list for PBXNativeTarget "MyBettingAppTests" */;
			buildPhases = (
				175134BA2AE3A8B300E9125B /* Sources */,
				175134BB2AE3A8B300E9125B /* Frameworks */,
				175134BC2AE3A8B300E9125B /* Resources */,
			);
			buildRules = (
			);
			dependencies = (
				175134C02AE3A8B300E9125B /* PBXTargetDependency */,
			);
			name = MyBettingAppTests;
			productName = MyBettingAppTests;
			productReference = 175134BE2AE3A8B300E9125B /* MyBettingAppTests.xctest */;
			productType = "com.apple.product-type.bundle.unit-test";
		};
		175134C72AE3A8B300E9125B /* MyBettingAppUITests */ = {
			isa = PBXNativeTarget;
			buildConfigurationList = 175134D82AE3A8B300E9125B /* Build configuration list for PBXNativeTarget "MyBettingAppUITests" */;
			buildPhases = (
				175134C42AE3A8B300E9125B /* Sources */,
				175134C52AE3A8B300E9125B /* Frameworks */,
				175134C62AE3A8B300E9125B /* Resources */,
			);
			buildRules = (
			);
			dependencies = (
				175134CA2AE3A8B300E9125B /* PBXTargetDependency */,
			);
			name = MyBettingAppUITests;
			productName = MyBettingAppUITests;
			productReference = 175134C82AE3A8B300E9125B /* MyBettingAppUITests.xctest */;
			productType = "com.apple.product-type.bundle.ui-testing";
		};
/* End PBXNativeTarget section */

/* Begin PBXProject section */
		175134A02AE3A8B200E9125B /* Project object */ = {
			isa = PBXProject;
			attributes = {
				BuildIndependentTargetsInParallel = 1;
				LastSwiftUpdateCheck = 1430;
				LastUpgradeCheck = 1430;
				TargetAttributes = {
					175134A72AE3A8B200E9125B = {
						CreatedOnToolsVersion = 14.3.1;
					};
					175134BD2AE3A8B300E9125B = {
						CreatedOnToolsVersion = 14.3.1;
						TestTargetID = 175134A72AE3A8B200E9125B;
					};
					175134C72AE3A8B300E9125B = {
						CreatedOnToolsVersion = 14.3.1;
						TestTargetID = 175134A72AE3A8B200E9125B;
					};
				};
			};
			buildConfigurationList = 175134A32AE3A8B200E9125B /* Build configuration list for PBXProject "MyBettingApp" */;
			compatibilityVersion = "Xcode 14.0";
			developmentRegion = en;
			hasScannedForEncodings = 0;
			knownRegions = (
				en,
				Base,
			);
			mainGroup = 1751349F2AE3A8B200E9125B;
			productRefGroup = 175134A92AE3A8B200E9125B /* Products */;
			projectDirPath = "";
			projectRoot = "";
			targets = (
				175134A72AE3A8B200E9125B /* MyBettingApp */,
				175134BD2AE3A8B300E9125B /* MyBettingAppTests */,
				175134C72AE3A8B300E9125B /* MyBettingAppUITests */,
			);
		};
/* End PBXProject section */

/* Begin PBXResourcesBuildPhase section */
		175134A62AE3A8B200E9125B /* Resources */ = {
			isa = PBXResourcesBuildPhase;
			buildActionMask = 2147483647;
			files = (
				175134B82AE3A8B300E9125B /* LaunchScreen.storyboard in Resources */,
				175134B52AE3A8B300E9125B /* Assets.xcassets in Resources */,
				175134B32AE3A8B200E9125B /* Main.storyboard in Resources */,
			);
			runOnlyForDeploymentPostprocessing = 0;
		};
		175134BC2AE3A8B300E9125B /* Resources */ = {
			isa = PBXResourcesBuildPhase;
			buildActionMask = 2147483647;
			files = (
			);
			runOnlyForDeploymentPostprocessing = 0;
		};
		175134C62AE3A8B300E9125B /* Resources */ = {
			isa = PBXResourcesBuildPhase;
			buildActionMask = 2147483647;
			files = (
			);
			runOnlyForDeploymentPostprocessing = 0;
		};
/* End PBXResourcesBuildPhase section */

/* Begin PBXSourcesBuildPhase section */
		175134A42AE3A8B200E9125B /* Sources */ = {
			isa = PBXSourcesBuildPhase;
			buildActionMask = 2147483647;
			files = (
				179E73B22AE3C69100A89F78 /* NetworkManager.swift in Sources */,
				179E73AE2AE3C12600A89F78 /* BettingEventsViewController.swift in Sources */,
				175134B02AE3A8B200E9125B /* ViewController.swift in Sources */,
				179E73B52AE3C6CE00A89F78 /* SportsAPIError.swift in Sources */,
				179E73B82AE3C73F00A89F78 /* Sports.swift in Sources */,
				175134AC2AE3A8B200E9125B /* AppDelegate.swift in Sources */,
				179E73BA2AE3C92D00A89F78 /* SportEvent.swift in Sources */,
			);
			runOnlyForDeploymentPostprocessing = 0;
		};
		175134BA2AE3A8B300E9125B /* Sources */ = {
			isa = PBXSourcesBuildPhase;
			buildActionMask = 2147483647;
			files = (
				175134C32AE3A8B300E9125B /* MyBettingAppTests.swift in Sources */,
			);
			runOnlyForDeploymentPostprocessing = 0;
		};
		175134C42AE3A8B300E9125B /* Sources */ = {
			isa = PBXSourcesBuildPhase;
			buildActionMask = 2147483647;
			files = (
				175134CF2AE3A8B300E9125B /* MyBettingAppUITestsLaunchTests.swift in Sources */,
				175134CD2AE3A8B300E9125B /* MyBettingAppUITests.swift in Sources */,
			);
			runOnlyForDeploymentPostprocessing = 0;
		};
/* End PBXSourcesBuildPhase section */

/* Begin PBXTargetDependency section */
		175134C02AE3A8B300E9125B /* PBXTargetDependency */ = {
			isa = PBXTargetDependency;
			target = 175134A72AE3A8B200E9125B /* MyBettingApp */;
			targetProxy = 175134BF2AE3A8B300E9125B /* PBXContainerItemProxy */;
		};
		175134CA2AE3A8B300E9125B /* PBXTargetDependency */ = {
			isa = PBXTargetDependency;
			target = 175134A72AE3A8B200E9125B /* MyBettingApp */;
			targetProxy = 175134C92AE3A8B300E9125B /* PBXContainerItemProxy */;
		};
/* End PBXTargetDependency section */

/* Begin PBXVariantGroup section */
		175134B12AE3A8B200E9125B /* Main.storyboard */ = {
			isa = PBXVariantGroup;
			children = (
				175134B22AE3A8B200E9125B /* Base */,
			);
			name = Main.storyboard;
			sourceTree = "<group>";
		};
		175134B62AE3A8B300E9125B /* LaunchScreen.storyboard */ = {
			isa = PBXVariantGroup;
			children = (
				175134B72AE3A8B300E9125B /* Base */,
			);
			name = LaunchScreen.storyboard;
			sourceTree = "<group>";
		};
/* End PBXVariantGroup section */

/* Begin XCBuildConfiguration section */
		175134D02AE3A8B300E9125B /* Debug */ = {
			isa = XCBuildConfiguration;
			buildSettings = {
				ALWAYS_SEARCH_USER_PATHS = NO;
				CLANG_ANALYZER_NONNULL = YES;
				CLANG_ANALYZER_NUMBER_OBJECT_CONVERSION = YES_AGGRESSIVE;
				CLANG_CXX_LANGUAGE_STANDARD = "gnu++20";
				CLANG_ENABLE_MODULES = YES;
				CLANG_ENABLE_OBJC_ARC = YES;
				CLANG_ENABLE_OBJC_WEAK = YES;
				CLANG_WARN_BLOCK_CAPTURE_AUTORELEASING = YES;
				CLANG_WARN_BOOL_CONVERSION = YES;
				CLANG_WARN_COMMA = YES;
				CLANG_WARN_CONSTANT_CONVERSION = YES;
				CLANG_WARN_DEPRECATED_OBJC_IMPLEMENTATIONS = YES;
				CLANG_WARN_DIRECT_OBJC_ISA_USAGE = YES_ERROR;
				CLANG_WARN_DOCUMENTATION_COMMENTS = YES;
				CLANG_WARN_EMPTY_BODY = YES;
				CLANG_WARN_ENUM_CONVERSION = YES;
				CLANG_WARN_INFINITE_RECURSION = YES;
				CLANG_WARN_INT_CONVERSION = YES;
				CLANG_WARN_NON_LITERAL_NULL_CONVERSION = YES;
				CLANG_WARN_OBJC_IMPLICIT_RETAIN_SELF = YES;
				CLANG_WARN_OBJC_LITERAL_CONVERSION = YES;
				CLANG_WARN_OBJC_ROOT_CLASS = YES_ERROR;
				CLANG_WARN_QUOTED_INCLUDE_IN_FRAMEWORK_HEADER = YES;
				CLANG_WARN_RANGE_LOOP_ANALYSIS = YES;
				CLANG_WARN_STRICT_PROTOTYPES = YES;
				CLANG_WARN_SUSPICIOUS_MOVE = YES;
				CLANG_WARN_UNGUARDED_AVAILABILITY = YES_AGGRESSIVE;
				CLANG_WARN_UNREACHABLE_CODE = YES;
				CLANG_WARN__DUPLICATE_METHOD_MATCH = YES;
				COPY_PHASE_STRIP = NO;
				DEBUG_INFORMATION_FORMAT = dwarf;
				ENABLE_STRICT_OBJC_MSGSEND = YES;
				ENABLE_TESTABILITY = YES;
				GCC_C_LANGUAGE_STANDARD = gnu11;
				GCC_DYNAMIC_NO_PIC = NO;
				GCC_NO_COMMON_BLOCKS = YES;
				GCC_OPTIMIZATION_LEVEL = 0;
				GCC_PREPROCESSOR_DEFINITIONS = (
					"DEBUG=1",
					"$(inherited)",
				);
				GCC_WARN_64_TO_32_BIT_CONVERSION = YES;
				GCC_WARN_ABOUT_RETURN_TYPE = YES_ERROR;
				GCC_WARN_UNDECLARED_SELECTOR = YES;
				GCC_WARN_UNINITIALIZED_AUTOS = YES_AGGRESSIVE;
				GCC_WARN_UNUSED_FUNCTION = YES;
				GCC_WARN_UNUSED_VARIABLE = YES;
				IPHONEOS_DEPLOYMENT_TARGET = 16.4;
				MTL_ENABLE_DEBUG_INFO = INCLUDE_SOURCE;
				MTL_FAST_MATH = YES;
				ONLY_ACTIVE_ARCH = YES;
				SDKROOT = iphoneos;
				SWIFT_ACTIVE_COMPILATION_CONDITIONS = DEBUG;
				SWIFT_OPTIMIZATION_LEVEL = "-Onone";
			};
			name = Debug;
		};
		175134D12AE3A8B300E9125B /* Release */ = {
			isa = XCBuildConfiguration;
			buildSettings = {
				ALWAYS_SEARCH_USER_PATHS = NO;
				CLANG_ANALYZER_NONNULL = YES;
				CLANG_ANALYZER_NUMBER_OBJECT_CONVERSION = YES_AGGRESSIVE;
				CLANG_CXX_LANGUAGE_STANDARD = "gnu++20";
				CLANG_ENABLE_MODULES = YES;
				CLANG_ENABLE_OBJC_ARC = YES;
				CLANG_ENABLE_OBJC_WEAK = YES;
				CLANG_WARN_BLOCK_CAPTURE_AUTORELEASING = YES;
				CLANG_WARN_BOOL_CONVERSION = YES;
				CLANG_WARN_COMMA = YES;
				CLANG_WARN_CONSTANT_CONVERSION = YES;
				CLANG_WARN_DEPRECATED_OBJC_IMPLEMENTATIONS = YES;
				CLANG_WARN_DIRECT_OBJC_ISA_USAGE = YES_ERROR;
				CLANG_WARN_DOCUMENTATION_COMMENTS = YES;
				CLANG_WARN_EMPTY_BODY = YES;
				CLANG_WARN_ENUM_CONVERSION = YES;
				CLANG_WARN_INFINITE_RECURSION = YES;
				CLANG_WARN_INT_CONVERSION = YES;
				CLANG_WARN_NON_LITERAL_NULL_CONVERSION = YES;
				CLANG_WARN_OBJC_IMPLICIT_RETAIN_SELF = YES;
				CLANG_WARN_OBJC_LITERAL_CONVERSION = YES;
				CLANG_WARN_OBJC_ROOT_CLASS = YES_ERROR;
				CLANG_WARN_QUOTED_INCLUDE_IN_FRAMEWORK_HEADER = YES;
				CLANG_WARN_RANGE_LOOP_ANALYSIS = YES;
				CLANG_WARN_STRICT_PROTOTYPES = YES;
				CLANG_WARN_SUSPICIOUS_MOVE = YES;
				CLANG_WARN_UNGUARDED_AVAILABILITY = YES_AGGRESSIVE;
				CLANG_WARN_UNREACHABLE_CODE = YES;
				CLANG_WARN__DUPLICATE_METHOD_MATCH = YES;
				COPY_PHASE_STRIP = NO;
				DEBUG_INFORMATION_FORMAT = "dwarf-with-dsym";
				ENABLE_NS_ASSERTIONS = NO;
				ENABLE_STRICT_OBJC_MSGSEND = YES;
				GCC_C_LANGUAGE_STANDARD = gnu11;
				GCC_NO_COMMON_BLOCKS = YES;
				GCC_WARN_64_TO_32_BIT_CONVERSION = YES;
				GCC_WARN_ABOUT_RETURN_TYPE = YES_ERROR;
				GCC_WARN_UNDECLARED_SELECTOR = YES;
				GCC_WARN_UNINITIALIZED_AUTOS = YES_AGGRESSIVE;
				GCC_WARN_UNUSED_FUNCTION = YES;
				GCC_WARN_UNUSED_VARIABLE = YES;
				IPHONEOS_DEPLOYMENT_TARGET = 16.4;
				MTL_ENABLE_DEBUG_INFO = NO;
				MTL_FAST_MATH = YES;
				SDKROOT = iphoneos;
				SWIFT_COMPILATION_MODE = wholemodule;
				SWIFT_OPTIMIZATION_LEVEL = "-O";
				VALIDATE_PRODUCT = YES;
			};
			name = Release;
		};
		175134D32AE3A8B300E9125B /* Debug */ = {
			isa = XCBuildConfiguration;
			buildSettings = {
				ASSETCATALOG_COMPILER_APPICON_NAME = AppIcon;
				ASSETCATALOG_COMPILER_GLOBAL_ACCENT_COLOR_NAME = AccentColor;
				CODE_SIGN_STYLE = Automatic;
				CURRENT_PROJECT_VERSION = 1;
				DEVELOPMENT_TEAM = 7X48R5E6LJ;
				GENERATE_INFOPLIST_FILE = YES;
				INFOPLIST_FILE = MyBettingApp/Info.plist;
				INFOPLIST_KEY_UIApplicationSupportsIndirectInputEvents = YES;
				INFOPLIST_KEY_UILaunchStoryboardName = LaunchScreen;
				INFOPLIST_KEY_UISupportedInterfaceOrientations_iPad = "UIInterfaceOrientationPortrait UIInterfaceOrientationPortraitUpsideDown UIInterfaceOrientationLandscapeLeft UIInterfaceOrientationLandscapeRight";
				INFOPLIST_KEY_UISupportedInterfaceOrientations_iPhone = "UIInterfaceOrientationPortrait UIInterfaceOrientationLandscapeLeft UIInterfaceOrientationLandscapeRight";
				LD_RUNPATH_SEARCH_PATHS = (
					"$(inherited)",
					"@executable_path/Frameworks",
				);
				MARKETING_VERSION = 1.0;
				PRODUCT_BUNDLE_IDENTIFIER = com.napps.MyBettingApp;
				PRODUCT_NAME = "$(TARGET_NAME)";
				SWIFT_EMIT_LOC_STRINGS = YES;
				SWIFT_VERSION = 5.0;
				TARGETED_DEVICE_FAMILY = "1,2";
			};
			name = Debug;
		};
		175134D42AE3A8B300E9125B /* Release */ = {
			isa = XCBuildConfiguration;
			buildSettings = {
				ASSETCATALOG_COMPILER_APPICON_NAME = AppIcon;
				ASSETCATALOG_COMPILER_GLOBAL_ACCENT_COLOR_NAME = AccentColor;
				CODE_SIGN_STYLE = Automatic;
				CURRENT_PROJECT_VERSION = 1;
				DEVELOPMENT_TEAM = 7X48R5E6LJ;
				GENERATE_INFOPLIST_FILE = YES;
				INFOPLIST_FILE = MyBettingApp/Info.plist;
				INFOPLIST_KEY_UIApplicationSupportsIndirectInputEvents = YES;
				INFOPLIST_KEY_UILaunchStoryboardName = LaunchScreen;
				INFOPLIST_KEY_UISupportedInterfaceOrientations_iPad = "UIInterfaceOrientationPortrait UIInterfaceOrientationPortraitUpsideDown UIInterfaceOrientationLandscapeLeft UIInterfaceOrientationLandscapeRight";
				INFOPLIST_KEY_UISupportedInterfaceOrientations_iPhone = "UIInterfaceOrientationPortrait UIInterfaceOrientationLandscapeLeft UIInterfaceOrientationLandscapeRight";
				LD_RUNPATH_SEARCH_PATHS = (
					"$(inherited)",
					"@executable_path/Frameworks",
				);
				MARKETING_VERSION = 1.0;
				PRODUCT_BUNDLE_IDENTIFIER = com.napps.MyBettingApp;
				PRODUCT_NAME = "$(TARGET_NAME)";
				SWIFT_EMIT_LOC_STRINGS = YES;
				SWIFT_VERSION = 5.0;
				TARGETED_DEVICE_FAMILY = "1,2";
			};
			name = Release;
		};
		175134D62AE3A8B300E9125B /* Debug */ = {
			isa = XCBuildConfiguration;
			buildSettings = {
				ALWAYS_EMBED_SWIFT_STANDARD_LIBRARIES = YES;
				BUNDLE_LOADER = "$(TEST_HOST)";
				CODE_SIGN_STYLE = Automatic;
				CURRENT_PROJECT_VERSION = 1;
				DEVELOPMENT_TEAM = 7X48R5E6LJ;
				GENERATE_INFOPLIST_FILE = YES;
				IPHONEOS_DEPLOYMENT_TARGET = 16.4;
				MARKETING_VERSION = 1.0;
				PRODUCT_BUNDLE_IDENTIFIER = com.napps.MyBettingAppTests;
				PRODUCT_NAME = "$(TARGET_NAME)";
				SWIFT_EMIT_LOC_STRINGS = NO;
				SWIFT_VERSION = 5.0;
				TARGETED_DEVICE_FAMILY = "1,2";
				TEST_HOST = "$(BUILT_PRODUCTS_DIR)/MyBettingApp.app/$(BUNDLE_EXECUTABLE_FOLDER_PATH)/MyBettingApp";
			};
			name = Debug;
		};
		175134D72AE3A8B300E9125B /* Release */ = {
			isa = XCBuildConfiguration;
			buildSettings = {
				ALWAYS_EMBED_SWIFT_STANDARD_LIBRARIES = YES;
				BUNDLE_LOADER = "$(TEST_HOST)";
				CODE_SIGN_STYLE = Automatic;
				CURRENT_PROJECT_VERSION = 1;
				DEVELOPMENT_TEAM = 7X48R5E6LJ;
				GENERATE_INFOPLIST_FILE = YES;
				IPHONEOS_DEPLOYMENT_TARGET = 16.4;
				MARKETING_VERSION = 1.0;
				PRODUCT_BUNDLE_IDENTIFIER = com.napps.MyBettingAppTests;
				PRODUCT_NAME = "$(TARGET_NAME)";
				SWIFT_EMIT_LOC_STRINGS = NO;
				SWIFT_VERSION = 5.0;
				TARGETED_DEVICE_FAMILY = "1,2";
				TEST_HOST = "$(BUILT_PRODUCTS_DIR)/MyBettingApp.app/$(BUNDLE_EXECUTABLE_FOLDER_PATH)/MyBettingApp";
			};
			name = Release;
		};
		175134D92AE3A8B300E9125B /* Debug */ = {
			isa = XCBuildConfiguration;
			buildSettings = {
				ALWAYS_EMBED_SWIFT_STANDARD_LIBRARIES = YES;
				CODE_SIGN_STYLE = Automatic;
				CURRENT_PROJECT_VERSION = 1;
				DEVELOPMENT_TEAM = 7X48R5E6LJ;
				GENERATE_INFOPLIST_FILE = YES;
				MARKETING_VERSION = 1.0;
				PRODUCT_BUNDLE_IDENTIFIER = com.napps.MyBettingAppUITests;
				PRODUCT_NAME = "$(TARGET_NAME)";
				SWIFT_EMIT_LOC_STRINGS = NO;
				SWIFT_VERSION = 5.0;
				TARGETED_DEVICE_FAMILY = "1,2";
				TEST_TARGET_NAME = MyBettingApp;
			};
			name = Debug;
		};
		175134DA2AE3A8B300E9125B /* Release */ = {
			isa = XCBuildConfiguration;
			buildSettings = {
				ALWAYS_EMBED_SWIFT_STANDARD_LIBRARIES = YES;
				CODE_SIGN_STYLE = Automatic;
				CURRENT_PROJECT_VERSION = 1;
				DEVELOPMENT_TEAM = 7X48R5E6LJ;
				GENERATE_INFOPLIST_FILE = YES;
				MARKETING_VERSION = 1.0;
				PRODUCT_BUNDLE_IDENTIFIER = com.napps.MyBettingAppUITests;
				PRODUCT_NAME = "$(TARGET_NAME)";
				SWIFT_EMIT_LOC_STRINGS = NO;
				SWIFT_VERSION = 5.0;
				TARGETED_DEVICE_FAMILY = "1,2";
				TEST_TARGET_NAME = MyBettingApp;
			};
			name = Release;
		};
/* End XCBuildConfiguration section */

/* Begin XCConfigurationList section */
		175134A32AE3A8B200E9125B /* Build configuration list for PBXProject "MyBettingApp" */ = {
			isa = XCConfigurationList;
			buildConfigurations = (
				175134D02AE3A8B300E9125B /* Debug */,
				175134D12AE3A8B300E9125B /* Release */,
			);
			defaultConfigurationIsVisible = 0;
			defaultConfigurationName = Release;
		};
		175134D22AE3A8B300E9125B /* Build configuration list for PBXNativeTarget "MyBettingApp" */ = {
			isa = XCConfigurationList;
			buildConfigurations = (
				175134D32AE3A8B300E9125B /* Debug */,
				175134D42AE3A8B300E9125B /* Release */,
			);
			defaultConfigurationIsVisible = 0;
			defaultConfigurationName = Release;
		};
		175134D52AE3A8B300E9125B /* Build configuration list for PBXNativeTarget "MyBettingAppTests" */ = {
			isa = XCConfigurationList;
			buildConfigurations = (
				175134D62AE3A8B300E9125B /* Debug */,
				175134D72AE3A8B300E9125B /* Release */,
			);
			defaultConfigurationIsVisible = 0;
			defaultConfigurationName = Release;
		};
		175134D82AE3A8B300E9125B /* Build configuration list for PBXNativeTarget "MyBettingAppUITests" */ = {
			isa = XCConfigurationList;
			buildConfigurations = (
				175134D92AE3A8B300E9125B /* Debug */,
				175134DA2AE3A8B300E9125B /* Release */,
			);
			defaultConfigurationIsVisible = 0;
			defaultConfigurationName = Release;
		};
/* End XCConfigurationList section */
	};
	rootObject = 175134A02AE3A8B200E9125B /* Project object */;
}
